{
	"name": "@episclera/renovate-config",
	"version": "1.27.1",
	"lockfileVersion": 1,
	"requires": true,
	"dependencies": {
		"opencollective-postinstall": {
			"version": "2.0.3",
			"resolved": "https://registry.npmjs.org/opencollective-postinstall/-/opencollective-postinstall-2.0.3.tgz",
			"integrity": "sha512-8AV/sCtuzUeTo8gQK5qDZzARrulB3egtLzFgteqB2tcT4Mw7B8Kt7JcDHmltjz6FOAHsvTevk70gZEbhM4ZS9Q=="
		}
	}
}
